schema: '2.0'
stages:
  data_ingestion:
    cmd: python src/data/data_ingestion.py
    deps:
    - path: src/data/data_ingestion.py
      hash: md5
      md5: da20260f8d448383465487320f1cd88a
      size: 3159
    params:
      params.yaml:
        data_ingestion.test_size: 0.3
    outs:
    - path: data/raw
      hash: md5
      md5: 138310c6de7924762d28dc18aca6ff36.dir
      size: 827973
      nfiles: 2
  data_preprocessing:
    cmd: python src/data/data_preprocessing.py
    deps:
    - path: data/raw
      hash: md5
      md5: 138310c6de7924762d28dc18aca6ff36.dir
      size: 827973
      nfiles: 2
    - path: src/data/data_preprocessing.py
      hash: md5
      md5: 5f5eaaa4712079b7374f92a232ef0f02
      size: 3743
    outs:
    - path: data/interim
      hash: md5
      md5: 85e32f3a481c1c0ec3aa650ab4b918c0.dir
      size: 622285
      nfiles: 2
  feature_engineering:
    cmd: python src/features/feature_engineering.py
    deps:
    - path: data/interim
      hash: md5
      md5: 85e32f3a481c1c0ec3aa650ab4b918c0.dir
      size: 622285
      nfiles: 2
    - path: src/features/feature_engineering.py
      hash: md5
      md5: 1214491318af96a833b5746689de32dc
      size: 3617
    params:
      params.yaml:
        feature_engineering.max_features: 10
    outs:
    - path: data/processed
      hash: md5
      md5: 674f132bd1c30886e4683fbcbe69dfb9.dir
      size: 484787
      nfiles: 2
  model_building:
    cmd: python src/model/model_building.py
    deps:
    - path: data/processed
      hash: md5
      md5: 674f132bd1c30886e4683fbcbe69dfb9.dir
      size: 484787
      nfiles: 2
    - path: src/model/model_building.py
      hash: md5
      md5: 16aadb66244f6a5f77c09304d74fa24a
      size: 2887
    params:
      params.yaml:
        model_building.learning_rate: 0.3
        model_building.n_estimators: 10
    outs:
    - path: models/model.pkl
      hash: md5
      md5: 5a6770d2a7f8247edd3e7d3d47a1ae71
      size: 20501
  model_evaluation:
    cmd: python src/model/model_evaluation.py
    deps:
    - path: models/model.pkl
      hash: md5
      md5: 5a6770d2a7f8247edd3e7d3d47a1ae71
      size: 20501
    - path: src/model/model_evaluation.py
      hash: md5
      md5: a5bb5e33d2f4ab3785f173342cab7b8e
      size: 995
    outs:
    - path: reports/metrics.json
      hash: md5
      md5: 305e71df842f70a0b6b22942b863c6e3
      size: 170
